
Microsoft Visual Studio Solution File, Format Version 12.00
# Visual Studio Version 16
VisualStudioVersion = 16.0.31727.386
MinimumVisualStudioVersion = 10.0.40219.1
Project("{8BC9CEB8-8B4A-11D0-8D11-00A0C91BC942}") = "volga_it", "volga_it\volga_it.vcxproj", "{85FC2D4E-1FE5-434C-B12A-929D3BE40675}"
EndProject
Global
	GlobalSection(SolutionConfigurationPlatforms) = preSolution
		Debug|x64 = Debug|x64
		Debug|x86 = Debug|x86
		Release|x64 = Release|x64
		Release|x86 = Release|x86
	EndGlobalSection
	GlobalSection(ProjectConfigurationPlatforms) = postSolution
		{85FC2D4E-1FE5-434C-B12A-929D3BE40675}.Debug|x64.ActiveCfg = Debug|x64
		{85FC2D4E-1FE5-434C-B12A-929D3BE40675}.Debug|x64.Build.0 = Debug|x64
		{85FC2D4E-1FE5-434C-B12A-929D3BE40675}.Debug|x86.ActiveCfg = Debug|Win32
		{85FC2D4E-1FE5-434C-B12A-929D3BE40675}.Debug|x86.Build.0 = Debug|Win32
		{85FC2D4E-1FE5-434C-B12A-929D3BE40675}.Release|x64.ActiveCfg = Release|x64
		{85FC2D4E-1FE5-434C-B12A-929D3BE40675}.Release|x64.Build.0 = Release|x64
		{85FC2D4E-1FE5-434C-B12A-929D3BE40675}.Release|x86.ActiveCfg = Release|Win32
		{85FC2D4E-1FE5-434C-B12A-929D3BE40675}.Release|x86.Build.0 = Release|Win32
	EndGlobalSection
	GlobalSection(SolutionProperties) = preSolution
		HideSolutionNode = FALSE
	EndGlobalSection
	GlobalSection(ExtensibilityGlobals) = postSolution
		SolutionGuid = {0B09266D-07D7-4C00-BAA8-3B973E28A465}
	EndGlobalSection
EndGlobal
